// !$*UTF8*$!
{
	archiveVersion = 1;
	classes = {
	};
	objectVersion = 50;
	objects = {

/* Begin PBXBuildFile section */
		57F12AA822A6B486006F8AFD /* AppDelegate.swift in Sources */ = {isa = PBXBuildFile; fileRef = 57F12AA722A6B486006F8AFD /* AppDelegate.swift */; };
		57F12AAA22A6B486006F8AFD /* SceneDelegate.swift in Sources */ = {isa = PBXBuildFile; fileRef = 57F12AA922A6B486006F8AFD /* SceneDelegate.swift */; };
		57F12AAC22A6B486006F8AFD /* ContentView.swift in Sources */ = {isa = PBXBuildFile; fileRef = 57F12AAB22A6B486006F8AFD /* ContentView.swift */; };
		57F12AAE22A6B488006F8AFD /* Assets.xcassets in Resources */ = {isa = PBXBuildFile; fileRef = 57F12AAD22A6B488006F8AFD /* Assets.xcassets */; };
		57F12AB122A6B488006F8AFD /* Preview Assets.xcassets in Resources */ = {isa = PBXBuildFile; fileRef = 57F12AB022A6B488006F8AFD /* Preview Assets.xcassets */; };
		57F12AB422A6B488006F8AFD /* LaunchScreen.storyboard in Resources */ = {isa = PBXBuildFile; fileRef = 57F12AB222A6B488006F8AFD /* LaunchScreen.storyboard */; };
/* End PBXBuildFile section */

/* Begin PBXFileReference section */
		57F12AA422A6B486006F8AFD /* SafariAnimals.app */ = {isa = PBXFileReference; explicitFileType = wrapper.application; includeInIndex = 0; path = SafariAnimals.app; sourceTree = BUILT_PRODUCTS_DIR; };
		57F12AA722A6B486006F8AFD /* AppDelegate.swift */ = {isa = PBXFileReference; lastKnownFileType = sourcecode.swift; path = AppDelegate.swift; sourceTree = "<group>"; };
		57F12AA922A6B486006F8AFD /* SceneDelegate.swift */ = {isa = PBXFileReference; lastKnownFileType = sourcecode.swift; path = SceneDelegate.swift; sourceTree = "<group>"; };
		57F12AAB22A6B486006F8AFD /* ContentView.swift */ = {isa = PBXFileReference; lastKnownFileType = sourcecode.swift; path = ContentView.swift; sourceTree = "<group>"; };
		57F12AAD22A6B488006F8AFD /* Assets.xcassets */ = {isa = PBXFileReference; lastKnownFileType = folder.assetcatalog; path = Assets.xcassets; sourceTree = "<group>"; };
		57F12AB022A6B488006F8AFD /* Preview Assets.xcassets */ = {isa = PBXFileReference; lastKnownFileType = folder.assetcatalog; path = "Preview Assets.xcassets"; sourceTree = "<group>"; };
		57F12AB322A6B488006F8AFD /* Base */ = {isa = PBXFileReference; lastKnownFileType = file.storyboard; name = Base; path = Base.lproj/LaunchScreen.storyboard; sourceTree = "<group>"; };
		57F12AB522A6B488006F8AFD /* Info.plist */ = {isa = PBXFileReference; lastKnownFileType = text.plist.xml; path = Info.plist; sourceTree = "<group>"; };
/* End PBXFileReference section */

/* Begin PBXFrameworksBuildPhase section */
		57F12AA122A6B486006F8AFD /* Frameworks */ = {
			isa = PBXFrameworksBuildPhase;
			buildActionMask = 2147483647;
			files = (
			);
			runOnlyForDeploymentPostprocessing = 0;
		};
/* End PBXFrameworksBuildPhase section */

/* Begin PBXGroup section */
		57F12A9B22A6B486006F8AFD = {
			isa = PBXGroup;
			children = (
				57F12AA622A6B486006F8AFD /* SafariAnimals */,
				57F12AA522A6B486006F8AFD /* Products */,
			);
			sourceTree = "<group>";
		};
		57F12AA522A6B486006F8AFD /* Products */ = {
			isa = PBXGroup;
			children = (
				57F12AA422A6B486006F8AFD /* SafariAnimals.app */,
			);
			name = Products;
			sourceTree = "<group>";
		};
		57F12AA622A6B486006F8AFD /* SafariAnimals */ = {
			isa = PBXGroup;
			children = (
				57F12AA722A6B486006F8AFD /* AppDelegate.swift */,
				57F12AA922A6B486006F8AFD /* SceneDelegate.swift */,
				57F12AAB22A6B486006F8AFD /* ContentView.swift */,
				57F12AAD22A6B488006F8AFD /* Assets.xcassets */,
				57F12AB222A6B488006F8AFD /* LaunchScreen.storyboard */,
				57F12AB522A6B488006F8AFD /* Info.plist */,
				57F12AAF22A6B488006F8AFD /* Preview Content */,
			);
			path = SafariAnimals;
			sourceTree = "<group>";
		};
		57F12AAF22A6B488006F8AFD /* Preview Content */ = {
			isa = PBXGroup;
			children = (
				57F12AB022A6B488006F8AFD /* Preview Assets.xcassets */,
			);
			path = "Preview Content";
			sourceTree = "<group>";
		};
/* End PBXGroup section */

/* Begin PBXNativeTarget section */
		57F12AA322A6B486006F8AFD /* SafariAnimals */ = {
			isa = PBXNativeTarget;
			buildConfigurationList = 57F12AB822A6B488006F8AFD /* Build configuration list for PBXNativeTarget "SafariAnimals" */;
			buildPhases = (
				57F12AA022A6B486006F8AFD /* Sources */,
				57F12AA122A6B486006F8AFD /* Frameworks */,
				57F12AA222A6B486006F8AFD /* Resources */,
			);
			buildRules = (
			);
			dependencies = (
			);
			name = SafariAnimals;
			productName = SafariAnimals;
			productReference = 57F12AA422A6B486006F8AFD /* SafariAnimals.app */;
			productType = "com.apple.product-type.application";
		};
/* End PBXNativeTarget section */

/* Begin PBXProject section */
		57F12A9C22A6B486006F8AFD /* Project object */ = {
			isa = PBXProject;
			attributes = {
				LastSwiftUpdateCheck = 1100;
				LastUpgradeCheck = 1100;
				ORGANIZATIONNAME = Greenstone;
				TargetAttributes = {
					57F12AA322A6B486006F8AFD = {
						CreatedOnToolsVersion = 11.0;
					};
				};
			};
			buildConfigurationList = 57F12A9F22A6B486006F8AFD /* Build configuration list for PBXProject "SafariAnimals" */;
			compatibilityVersion = "Xcode 9.3";
			developmentRegion = en;
			hasScannedForEncodings = 0;
			knownRegions = (
				en,
				Base,
			);
			mainGroup = 57F12A9B22A6B486006F8AFD;
			productRefGroup = 57F12AA522A6B486006F8AFD /* Products */;
			projectDirPath = "";
			projectRoot = "";
			targets = (
				57F12AA322A6B486006F8AFD /* SafariAnimals */,
			);
		};
/* End PBXProject section */

/* Begin PBXResourcesBuildPhase section */
		57F12AA222A6B486006F8AFD /* Resources */ = {
			isa = PBXResourcesBuildPhase;
			buildActionMask = 2147483647;
			files = (
				57F12AB422A6B488006F8AFD /* LaunchScreen.storyboard in Resources */,
				57F12AB122A6B488006F8AFD /* Preview Assets.xcassets in Resources */,
				57F12AAE22A6B488006F8AFD /* Assets.xcassets in Resources */,
			);
			runOnlyForDeploymentPostprocessing = 0;
		};
/* End PBXResourcesBuildPhase section */

/* Begin PBXSourcesBuildPhase section */
		57F12AA022A6B486006F8AFD /* Sources */ = {
			isa = PBXSourcesBuildPhase;
			buildActionMask = 2147483647;
			files = (
				57F12AA822A6B486006F8AFD /* AppDelegate.swift in Sources */,
				57F12AAA22A6B486006F8AFD /* SceneDelegate.swift in Sources */,
				57F12AAC22A6B486006F8AFD /* ContentView.swift in Sources */,
			);
			runOnlyForDeploymentPostprocessing = 0;
		};
/* End PBXSourcesBuildPhase section */

/* Begin PBXVariantGroup section */
		57F12AB222A6B488006F8AFD /* LaunchScreen.storyboard */ = {
			isa = PBXVariantGroup;
			children = (
				57F12AB322A6B488006F8AFD /* Base */,
			);
			name = LaunchScreen.storyboard;
			sourceTree = "<group>";
		};
/* End PBXVariantGroup section */

/* Begin XCBuildConfiguration section */
		57F12AB622A6B488006F8AFD /* Debug */ = {
			isa = XCBuildConfiguration;
			buildSettings = {
				ALWAYS_SEARCH_USER_PATHS = NO;
				CLANG_ANALYZER_NONNULL = YES;
				CLANG_ANALYZER_NUMBER_OBJECT_CONVERSION = YES_AGGRESSIVE;
				CLANG_CXX_LANGUAGE_STANDARD = "gnu++14";
				CLANG_CXX_LIBRARY = "libc++";
				CLANG_ENABLE_MODULES = YES;
				CLANG_ENABLE_OBJC_ARC = YES;
				CLANG_ENABLE_OBJC_WEAK = YES;
				CLANG_WARN_BLOCK_CAPTURE_AUTORELEASING = YES;
				CLANG_WARN_BOOL_CONVERSION = YES;
				CLANG_WARN_COMMA = YES;
				CLANG_WARN_CONSTANT_CONVERSION = YES;
				CLANG_WARN_DEPRECATED_OBJC_IMPLEMENTATIONS = YES;
				CLANG_WARN_DIRECT_OBJC_ISA_USAGE = YES_ERROR;
				CLANG_WARN_DOCUMENTATION_COMMENTS = YES;
				CLANG_WARN_EMPTY_BODY = YES;
				CLANG_WARN_ENUM_CONVERSION = YES;
				CLANG_WARN_INFINITE_RECURSION = YES;
				CLANG_WARN_INT_CONVERSION = YES;
				CLANG_WARN_NON_LITERAL_NULL_CONVERSION = YES;
				CLANG_WARN_OBJC_IMPLICIT_RETAIN_SELF = YES;
				CLANG_WARN_OBJC_LITERAL_CONVERSION = YES;
				CLANG_WARN_OBJC_ROOT_CLASS = YES_ERROR;
				CLANG_WARN_RANGE_LOOP_ANALYSIS = YES;
				CLANG_WARN_STRICT_PROTOTYPES = YES;
				CLANG_WARN_SUSPICIOUS_MOVE = YES;
				CLANG_WARN_UNGUARDED_AVAILABILITY = YES_AGGRESSIVE;
				CLANG_WARN_UNREACHABLE_CODE = YES;
				CLANG_WARN__DUPLICATE_METHOD_MATCH = YES;
				COPY_PHASE_STRIP = NO;
				DEBUG_INFORMATION_FORMAT = dwarf;
				ENABLE_STRICT_OBJC_MSGSEND = YES;
				ENABLE_TESTABILITY = YES;
				GCC_C_LANGUAGE_STANDARD = gnu11;
				GCC_DYNAMIC_NO_PIC = NO;
				GCC_NO_COMMON_BLOCKS = YES;
				GCC_OPTIMIZATION_LEVEL = 0;
				GCC_PREPROCESSOR_DEFINITIONS = (
					"DEBUG=1",
					"$(inherited)",
				);
				GCC_WARN_64_TO_32_BIT_CONVERSION = YES;
				GCC_WARN_ABOUT_RETURN_TYPE = YES_ERROR;
				GCC_WARN_UNDECLARED_SELECTOR = YES;
				GCC_WARN_UNINITIALIZED_AUTOS = YES_AGGRESSIVE;
				GCC_WARN_UNUSED_FUNCTION = YES;
				GCC_WARN_UNUSED_VARIABLE = YES;
				IPHONEOS_DEPLOYMENT_TARGET = 13.0;
				MTL_ENABLE_DEBUG_INFO = INCLUDE_SOURCE;
				MTL_FAST_MATH = YES;
				ONLY_ACTIVE_ARCH = YES;
				SDKROOT = iphoneos;
				SWIFT_ACTIVE_COMPILATION_CONDITIONS = DEBUG;
				SWIFT_OPTIMIZATION_LEVEL = "-Onone";
			};
			name = Debug;
		};
		57F12AB722A6B488006F8AFD /* Release */ = {
			isa = XCBuildConfiguration;
			buildSettings = {
				ALWAYS_SEARCH_USER_PATHS = NO;
				CLANG_ANALYZER_NONNULL = YES;
				CLANG_ANALYZER_NUMBER_OBJECT_CONVERSION = YES_AGGRESSIVE;
				CLANG_CXX_LANGUAGE_STANDARD = "gnu++14";
				CLANG_CXX_LIBRARY = "libc++";
				CLANG_ENABLE_MODULES = YES;
				CLANG_ENABLE_OBJC_ARC = YES;
				CLANG_ENABLE_OBJC_WEAK = YES;
				CLANG_WARN_BLOCK_CAPTURE_AUTORELEASING = YES;
				CLANG_WARN_BOOL_CONVERSION = YES;
				CLANG_WARN_COMMA = YES;
				CLANG_WARN_CONSTANT_CONVERSION = YES;
				CLANG_WARN_DEPRECATED_OBJC_IMPLEMENTATIONS = YES;
				CLANG_WARN_DIRECT_OBJC_ISA_USAGE = YES_ERROR;
				CLANG_WARN_DOCUMENTATION_COMMENTS = YES;
				CLANG_WARN_EMPTY_BODY = YES;
				CLANG_WARN_ENUM_CONVERSION = YES;
				CLANG_WARN_INFINITE_RECURSION = YES;
				CLANG_WARN_INT_CONVERSION = YES;
				CLANG_WARN_NON_LITERAL_NULL_CONVERSION = YES;
				CLANG_WARN_OBJC_IMPLICIT_RETAIN_SELF = YES;
				CLANG_WARN_OBJC_LITERAL_CONVERSION = YES;
				CLANG_WARN_OBJC_ROOT_CLASS = YES_ERROR;
				CLANG_WARN_RANGE_LOOP_ANALYSIS = YES;
				CLANG_WARN_STRICT_PROTOTYPES = YES;
				CLANG_WARN_SUSPICIOUS_MOVE = YES;
				CLANG_WARN_UNGUARDED_AVAILABILITY = YES_AGGRESSIVE;
				CLANG_WARN_UNREACHABLE_CODE = YES;
				CLANG_WARN__DUPLICATE_METHOD_MATCH = YES;
				COPY_PHASE_STRIP = NO;
				DEBUG_INFORMATION_FORMAT = "dwarf-with-dsym";
				ENABLE_NS_ASSERTIONS = NO;
				ENABLE_STRICT_OBJC_MSGSEND = YES;
				GCC_C_LANGUAGE_STANDARD = gnu11;
				GCC_NO_COMMON_BLOCKS = YES;
				GCC_WARN_64_TO_32_BIT_CONVERSION = YES;
				GCC_WARN_ABOUT_RETURN_TYPE = YES_ERROR;
				GCC_WARN_UNDECLARED_SELECTOR = YES;
				GCC_WARN_UNINITIALIZED_AUTOS = YES_AGGRESSIVE;
				GCC_WARN_UNUSED_FUNCTION = YES;
				GCC_WARN_UNUSED_VARIABLE = YES;
				IPHONEOS_DEPLOYMENT_TARGET = 13.0;
				MTL_ENABLE_DEBUG_INFO = NO;
				MTL_FAST_MATH = YES;
				SDKROOT = iphoneos;
				SWIFT_COMPILATION_MODE = wholemodule;
				SWIFT_OPTIMIZATION_LEVEL = "-O";
				VALIDATE_PRODUCT = YES;
			};
			name = Release;
		};
		57F12AB922A6B488006F8AFD /* Debug */ = {
			isa = XCBuildConfiguration;
			buildSettings = {
				ASSETCATALOG_COMPILER_APPICON_NAME = AppIcon;
				CODE_SIGN_STYLE = Automatic;
				DEVELOPMENT_ASSET_PATHS = "SafariAnimals/Preview\\ Content";
				DEVELOPMENT_TEAM = NNHRRF86PU;
				ENABLE_PREVIEWS = YES;
				INFOPLIST_FILE = SafariAnimals/Info.plist;
				LD_RUNPATH_SEARCH_PATHS = (
					"$(inherited)",
					"@executable_path/Frameworks",
				);
				PRODUCT_BUNDLE_IDENTIFIER = Greenstone.SafariAnimals;
				PRODUCT_NAME = "$(TARGET_NAME)";
				SWIFT_VERSION = 5.0;
				TARGETED_DEVICE_FAMILY = "1,2";
			};
			name = Debug;
		};
		57F12ABA22A6B488006F8AFD /* Release */ = {
			isa = XCBuildConfiguration;
			buildSettings = {
				ASSETCATALOG_COMPILER_APPICON_NAME = AppIcon;
				CODE_SIGN_STYLE = Automatic;
				DEVELOPMENT_ASSET_PATHS = "SafariAnimals/Preview\\ Content";
				DEVELOPMENT_TEAM = NNHRRF86PU;
				ENABLE_PREVIEWS = YES;
				INFOPLIST_FILE = SafariAnimals/Info.plist;
				LD_RUNPATH_SEARCH_PATHS = (
					"$(inherited)",
					"@executable_path/Frameworks",
				);
				PRODUCT_BUNDLE_IDENTIFIER = Greenstone.SafariAnimals;
				PRODUCT_NAME = "$(TARGET_NAME)";
				SWIFT_VERSION = 5.0;
				TARGETED_DEVICE_FAMILY = "1,2";
			};
			name = Release;
		};
/* End XCBuildConfiguration section */

/* Begin XCConfigurationList section */
		57F12A9F22A6B486006F8AFD /* Build configuration list for PBXProject "SafariAnimals" */ = {
			isa = XCConfigurationList;
			buildConfigurations = (
				57F12AB622A6B488006F8AFD /* Debug */,
				57F12AB722A6B488006F8AFD /* Release */,
			);
			defaultConfigurationIsVisible = 0;
			defaultConfigurationName = Release;
		};
		57F12AB822A6B488006F8AFD /* Build configuration list for PBXNativeTarget "SafariAnimals" */ = {
			isa = XCConfigurationList;
			buildConfigurations = (
				57F12AB922A6B488006F8AFD /* Debug */,
				57F12ABA22A6B488006F8AFD /* Release */,
			);
			defaultConfigurationIsVisible = 0;
			defaultConfigurationName = Release;
		};
/* End XCConfigurationList section */
	};
	rootObject = 57F12A9C22A6B486006F8AFD /* Project object */;
}
